// !$*UTF8*$!
{
	archiveVersion = 1;
	classes = {
	};
	objectVersion = 50;
	objects = {

/* Begin PBXBuildFile section */
		C07BB34B22543E6A006D612A /* StartViewController.swift in Sources */ = {isa = PBXBuildFile; fileRef = C07BB34A22543E6A006D612A /* StartViewController.swift */; };
		C07F771C22543EA800E48515 /* StartSheet.xib in Resources */ = {isa = PBXBuildFile; fileRef = C07F771B22543EA800E48515 /* StartSheet.xib */; };
		C07F771E22543EB100E48515 /* Color.swift in Sources */ = {isa = PBXBuildFile; fileRef = C07F771D22543EB100E48515 /* Color.swift */; };
		C07F77202254538E00E48515 /* EventCell.xib in Resources */ = {isa = PBXBuildFile; fileRef = C07F771F2254538E00E48515 /* EventCell.xib */; };
		C07F77222254573A00E48515 /* EventManager.swift in Sources */ = {isa = PBXBuildFile; fileRef = C07F77212254573A00E48515 /* EventManager.swift */; };
		C07F772A2254626300E48515 /* AddItemViewController.swift in Sources */ = {isa = PBXBuildFile; fileRef = C07F77292254626300E48515 /* AddItemViewController.swift */; };
		C0B6BB462250425D00FA773B /* Item.swift in Sources */ = {isa = PBXBuildFile; fileRef = C0B6BB452250425D00FA773B /* Item.swift */; };
		C0CF57612230A3CF0067F1FE /* AppDelegate.swift in Sources */ = {isa = PBXBuildFile; fileRef = C0CF57602230A3CF0067F1FE /* AppDelegate.swift */; };
		C0CF57632230A3CF0067F1FE /* ViewController.swift in Sources */ = {isa = PBXBuildFile; fileRef = C0CF57622230A3CF0067F1FE /* ViewController.swift */; };
		C0CF57662230A3CF0067F1FE /* Main.storyboard in Resources */ = {isa = PBXBuildFile; fileRef = C0CF57642230A3CF0067F1FE /* Main.storyboard */; };
		C0CF57692230A3CF0067F1FE /* AutoPack.xcdatamodeld in Sources */ = {isa = PBXBuildFile; fileRef = C0CF57672230A3CF0067F1FE /* AutoPack.xcdatamodeld */; };
		C0CF576B2230A3D10067F1FE /* Assets.xcassets in Resources */ = {isa = PBXBuildFile; fileRef = C0CF576A2230A3D10067F1FE /* Assets.xcassets */; };
		C0CF576E2230A3D10067F1FE /* LaunchScreen.storyboard in Resources */ = {isa = PBXBuildFile; fileRef = C0CF576C2230A3D10067F1FE /* LaunchScreen.storyboard */; };
		C0CF57792230A3D10067F1FE /* AutoPackTests.swift in Sources */ = {isa = PBXBuildFile; fileRef = C0CF57782230A3D10067F1FE /* AutoPackTests.swift */; };
/* End PBXBuildFile section */

/* Begin PBXContainerItemProxy section */
		C0CF57752230A3D10067F1FE /* PBXContainerItemProxy */ = {
			isa = PBXContainerItemProxy;
			containerPortal = C0CF57552230A3CF0067F1FE /* Project object */;
			proxyType = 1;
			remoteGlobalIDString = C0CF575C2230A3CF0067F1FE;
			remoteInfo = AutoPack;
		};
/* End PBXContainerItemProxy section */

/* Begin PBXFileReference section */
		C07BB34A22543E6A006D612A /* StartViewController.swift */ = {isa = PBXFileReference; fileEncoding = 4; lastKnownFileType = sourcecode.swift; path = StartViewController.swift; sourceTree = "<group>"; };
		C07F771B22543EA800E48515 /* StartSheet.xib */ = {isa = PBXFileReference; fileEncoding = 4; lastKnownFileType = file.xib; path = StartSheet.xib; sourceTree = "<group>"; };
		C07F771D22543EB100E48515 /* Color.swift */ = {isa = PBXFileReference; fileEncoding = 4; lastKnownFileType = sourcecode.swift; path = Color.swift; sourceTree = "<group>"; };
		C07F771F2254538E00E48515 /* EventCell.xib */ = {isa = PBXFileReference; lastKnownFileType = file.xib; path = EventCell.xib; sourceTree = "<group>"; };
		C07F77212254573A00E48515 /* EventManager.swift */ = {isa = PBXFileReference; lastKnownFileType = sourcecode.swift; path = EventManager.swift; sourceTree = "<group>"; };
		C07F77292254626300E48515 /* AddItemViewController.swift */ = {isa = PBXFileReference; lastKnownFileType = sourcecode.swift; path = AddItemViewController.swift; sourceTree = "<group>"; };
		C0B6BB452250425D00FA773B /* Item.swift */ = {isa = PBXFileReference; lastKnownFileType = sourcecode.swift; path = Item.swift; sourceTree = "<group>"; };
		C0CF575D2230A3CF0067F1FE /* AutoPack.app */ = {isa = PBXFileReference; explicitFileType = wrapper.application; includeInIndex = 0; path = AutoPack.app; sourceTree = BUILT_PRODUCTS_DIR; };
		C0CF57602230A3CF0067F1FE /* AppDelegate.swift */ = {isa = PBXFileReference; lastKnownFileType = sourcecode.swift; path = AppDelegate.swift; sourceTree = "<group>"; };
		C0CF57622230A3CF0067F1FE /* ViewController.swift */ = {isa = PBXFileReference; lastKnownFileType = sourcecode.swift; path = ViewController.swift; sourceTree = "<group>"; };
		C0CF57652230A3CF0067F1FE /* Base */ = {isa = PBXFileReference; lastKnownFileType = file.storyboard; name = Base; path = Base.lproj/Main.storyboard; sourceTree = "<group>"; };
		C0CF57682230A3CF0067F1FE /* AutoPack.xcdatamodel */ = {isa = PBXFileReference; lastKnownFileType = wrapper.xcdatamodel; path = AutoPack.xcdatamodel; sourceTree = "<group>"; };
		C0CF576A2230A3D10067F1FE /* Assets.xcassets */ = {isa = PBXFileReference; lastKnownFileType = folder.assetcatalog; path = Assets.xcassets; sourceTree = "<group>"; };
		C0CF576D2230A3D10067F1FE /* Base */ = {isa = PBXFileReference; lastKnownFileType = file.storyboard; name = Base; path = Base.lproj/LaunchScreen.storyboard; sourceTree = "<group>"; };
		C0CF576F2230A3D10067F1FE /* Info.plist */ = {isa = PBXFileReference; lastKnownFileType = text.plist.xml; path = Info.plist; sourceTree = "<group>"; };
		C0CF57742230A3D10067F1FE /* AutoPackTests.xctest */ = {isa = PBXFileReference; explicitFileType = wrapper.cfbundle; includeInIndex = 0; path = AutoPackTests.xctest; sourceTree = BUILT_PRODUCTS_DIR; };
		C0CF57782230A3D10067F1FE /* AutoPackTests.swift */ = {isa = PBXFileReference; lastKnownFileType = sourcecode.swift; path = AutoPackTests.swift; sourceTree = "<group>"; };
		C0CF577A2230A3D10067F1FE /* Info.plist */ = {isa = PBXFileReference; lastKnownFileType = text.plist.xml; path = Info.plist; sourceTree = "<group>"; };
/* End PBXFileReference section */

/* Begin PBXFrameworksBuildPhase section */
		C0CF575A2230A3CF0067F1FE /* Frameworks */ = {
			isa = PBXFrameworksBuildPhase;
			buildActionMask = 2147483647;
			files = (
			);
			runOnlyForDeploymentPostprocessing = 0;
		};
		C0CF57712230A3D10067F1FE /* Frameworks */ = {
			isa = PBXFrameworksBuildPhase;
			buildActionMask = 2147483647;
			files = (
			);
			runOnlyForDeploymentPostprocessing = 0;
		};
/* End PBXFrameworksBuildPhase section */

/* Begin PBXGroup section */
		C0CF57542230A3CF0067F1FE = {
			isa = PBXGroup;
			children = (
				C0CF575F2230A3CF0067F1FE /* AutoPack */,
				C0CF57772230A3D10067F1FE /* AutoPackTests */,
				C0CF575E2230A3CF0067F1FE /* Products */,
			);
			sourceTree = "<group>";
		};
		C0CF575E2230A3CF0067F1FE /* Products */ = {
			isa = PBXGroup;
			children = (
				C0CF575D2230A3CF0067F1FE /* AutoPack.app */,
				C0CF57742230A3D10067F1FE /* AutoPackTests.xctest */,
			);
			name = Products;
			sourceTree = "<group>";
		};
		C0CF575F2230A3CF0067F1FE /* AutoPack */ = {
			isa = PBXGroup;
			children = (
				C0CF576F2230A3D10067F1FE /* Info.plist */,
				C07F77292254626300E48515 /* AddItemViewController.swift */,
				C0CF57602230A3CF0067F1FE /* AppDelegate.swift */,
				C07F771D22543EB100E48515 /* Color.swift */,
				C07F77212254573A00E48515 /* EventManager.swift */,
				C0B6BB452250425D00FA773B /* Item.swift */,
				C07BB34A22543E6A006D612A /* StartViewController.swift */,
				C0CF57622230A3CF0067F1FE /* ViewController.swift */,
				C0CF576A2230A3D10067F1FE /* Assets.xcassets */,
				C07F771F2254538E00E48515 /* EventCell.xib */,
				C07F771B22543EA800E48515 /* StartSheet.xib */,
				C0CF57672230A3CF0067F1FE /* AutoPack.xcdatamodeld */,
				C0CF576C2230A3D10067F1FE /* LaunchScreen.storyboard */,
				C0CF57642230A3CF0067F1FE /* Main.storyboard */,
			);
			path = AutoPack;
			sourceTree = "<group>";
		};
		C0CF57772230A3D10067F1FE /* AutoPackTests */ = {
			isa = PBXGroup;
			children = (
				C0CF57782230A3D10067F1FE /* AutoPackTests.swift */,
				C0CF577A2230A3D10067F1FE /* Info.plist */,
			);
			path = AutoPackTests;
			sourceTree = "<group>";
		};
/* End PBXGroup section */

/* Begin PBXNativeTarget section */
		C0CF575C2230A3CF0067F1FE /* AutoPack */ = {
			isa = PBXNativeTarget;
			buildConfigurationList = C0CF577D2230A3D10067F1FE /* Build configuration list for PBXNativeTarget "AutoPack" */;
			buildPhases = (
				C0CF57592230A3CF0067F1FE /* Sources */,
				C0CF575A2230A3CF0067F1FE /* Frameworks */,
				C0CF575B2230A3CF0067F1FE /* Resources */,
			);
			buildRules = (
			);
			dependencies = (
			);
			name = AutoPack;
			productName = AutoPack;
			productReference = C0CF575D2230A3CF0067F1FE /* AutoPack.app */;
			productType = "com.apple.product-type.application";
		};
		C0CF57732230A3D10067F1FE /* AutoPackTests */ = {
			isa = PBXNativeTarget;
			buildConfigurationList = C0CF57802230A3D10067F1FE /* Build configuration list for PBXNativeTarget "AutoPackTests" */;
			buildPhases = (
				C0CF57702230A3D10067F1FE /* Sources */,
				C0CF57712230A3D10067F1FE /* Frameworks */,
				C0CF57722230A3D10067F1FE /* Resources */,
			);
			buildRules = (
			);
			dependencies = (
				C0CF57762230A3D10067F1FE /* PBXTargetDependency */,
			);
			name = AutoPackTests;
			productName = AutoPackTests;
			productReference = C0CF57742230A3D10067F1FE /* AutoPackTests.xctest */;
			productType = "com.apple.product-type.bundle.unit-test";
		};
/* End PBXNativeTarget section */

/* Begin PBXProject section */
		C0CF57552230A3CF0067F1FE /* Project object */ = {
			isa = PBXProject;
			attributes = {
				LastSwiftUpdateCheck = 1010;
				LastUpgradeCheck = 1010;
				ORGANIZATIONNAME = example;
				TargetAttributes = {
					C0CF575C2230A3CF0067F1FE = {
						CreatedOnToolsVersion = 10.1;
						LastSwiftMigration = 1020;
					};
					C0CF57732230A3D10067F1FE = {
						CreatedOnToolsVersion = 10.1;
						LastSwiftMigration = 1020;
						TestTargetID = C0CF575C2230A3CF0067F1FE;
					};
				};
			};
			buildConfigurationList = C0CF57582230A3CF0067F1FE /* Build configuration list for PBXProject "AutoPack" */;
			compatibilityVersion = "Xcode 9.3";
			developmentRegion = en;
			hasScannedForEncodings = 0;
			knownRegions = (
				en,
				Base,
			);
			mainGroup = C0CF57542230A3CF0067F1FE;
			productRefGroup = C0CF575E2230A3CF0067F1FE /* Products */;
			projectDirPath = "";
			projectRoot = "";
			targets = (
				C0CF575C2230A3CF0067F1FE /* AutoPack */,
				C0CF57732230A3D10067F1FE /* AutoPackTests */,
			);
		};
/* End PBXProject section */

/* Begin PBXResourcesBuildPhase section */
		C0CF575B2230A3CF0067F1FE /* Resources */ = {
			isa = PBXResourcesBuildPhase;
			buildActionMask = 2147483647;
			files = (
				C0CF576E2230A3D10067F1FE /* LaunchScreen.storyboard in Resources */,
				C0CF576B2230A3D10067F1FE /* Assets.xcassets in Resources */,
				C07F771C22543EA800E48515 /* StartSheet.xib in Resources */,
				C07F77202254538E00E48515 /* EventCell.xib in Resources */,
				C0CF57662230A3CF0067F1FE /* Main.storyboard in Resources */,
			);
			runOnlyForDeploymentPostprocessing = 0;
		};
		C0CF57722230A3D10067F1FE /* Resources */ = {
			isa = PBXResourcesBuildPhase;
			buildActionMask = 2147483647;
			files = (
			);
			runOnlyForDeploymentPostprocessing = 0;
		};
/* End PBXResourcesBuildPhase section */

/* Begin PBXSourcesBuildPhase section */
		C0CF57592230A3CF0067F1FE /* Sources */ = {
			isa = PBXSourcesBuildPhase;
			buildActionMask = 2147483647;
			files = (
				C07F77222254573A00E48515 /* EventManager.swift in Sources */,
				C0CF57632230A3CF0067F1FE /* ViewController.swift in Sources */,
				C07BB34B22543E6A006D612A /* StartViewController.swift in Sources */,
				C0CF57612230A3CF0067F1FE /* AppDelegate.swift in Sources */,
				C0B6BB462250425D00FA773B /* Item.swift in Sources */,
				C07F772A2254626300E48515 /* AddItemViewController.swift in Sources */,
				C0CF57692230A3CF0067F1FE /* AutoPack.xcdatamodeld in Sources */,
				C07F771E22543EB100E48515 /* Color.swift in Sources */,
			);
			runOnlyForDeploymentPostprocessing = 0;
		};
		C0CF57702230A3D10067F1FE /* Sources */ = {
			isa = PBXSourcesBuildPhase;
			buildActionMask = 2147483647;
			files = (
				C0CF57792230A3D10067F1FE /* AutoPackTests.swift in Sources */,
			);
			runOnlyForDeploymentPostprocessing = 0;
		};
/* End PBXSourcesBuildPhase section */

/* Begin PBXTargetDependency section */
		C0CF57762230A3D10067F1FE /* PBXTargetDependency */ = {
			isa = PBXTargetDependency;
			target = C0CF575C2230A3CF0067F1FE /* AutoPack */;
			targetProxy = C0CF57752230A3D10067F1FE /* PBXContainerItemProxy */;
		};
/* End PBXTargetDependency section */

/* Begin PBXVariantGroup section */
		C0CF57642230A3CF0067F1FE /* Main.storyboard */ = {
			isa = PBXVariantGroup;
			children = (
				C0CF57652230A3CF0067F1FE /* Base */,
			);
			name = Main.storyboard;
			sourceTree = "<group>";
		};
		C0CF576C2230A3D10067F1FE /* LaunchScreen.storyboard */ = {
			isa = PBXVariantGroup;
			children = (
				C0CF576D2230A3D10067F1FE /* Base */,
			);
			name = LaunchScreen.storyboard;
			sourceTree = "<group>";
		};
/* End PBXVariantGroup section */

/* Begin XCBuildConfiguration section */
		C0CF577B2230A3D10067F1FE /* Debug */ = {
			isa = XCBuildConfiguration;
			buildSettings = {
				ALWAYS_SEARCH_USER_PATHS = NO;
				CLANG_ANALYZER_NONNULL = YES;
				CLANG_ANALYZER_NUMBER_OBJECT_CONVERSION = YES_AGGRESSIVE;
				CLANG_CXX_LANGUAGE_STANDARD = "gnu++14";
				CLANG_CXX_LIBRARY = "libc++";
				CLANG_ENABLE_MODULES = YES;
				CLANG_ENABLE_OBJC_ARC = YES;
				CLANG_ENABLE_OBJC_WEAK = YES;
				CLANG_WARN_BLOCK_CAPTURE_AUTORELEASING = YES;
				CLANG_WARN_BOOL_CONVERSION = YES;
				CLANG_WARN_COMMA = YES;
				CLANG_WARN_CONSTANT_CONVERSION = YES;
				CLANG_WARN_DEPRECATED_OBJC_IMPLEMENTATIONS = YES;
				CLANG_WARN_DIRECT_OBJC_ISA_USAGE = YES_ERROR;
				CLANG_WARN_DOCUMENTATION_COMMENTS = YES;
				CLANG_WARN_EMPTY_BODY = YES;
				CLANG_WARN_ENUM_CONVERSION = YES;
				CLANG_WARN_INFINITE_RECURSION = YES;
				CLANG_WARN_INT_CONVERSION = YES;
				CLANG_WARN_NON_LITERAL_NULL_CONVERSION = YES;
				CLANG_WARN_OBJC_IMPLICIT_RETAIN_SELF = YES;
				CLANG_WARN_OBJC_LITERAL_CONVERSION = YES;
				CLANG_WARN_OBJC_ROOT_CLASS = YES_ERROR;
				CLANG_WARN_RANGE_LOOP_ANALYSIS = YES;
				CLANG_WARN_STRICT_PROTOTYPES = YES;
				CLANG_WARN_SUSPICIOUS_MOVE = YES;
				CLANG_WARN_UNGUARDED_AVAILABILITY = YES_AGGRESSIVE;
				CLANG_WARN_UNREACHABLE_CODE = YES;
				CLANG_WARN__DUPLICATE_METHOD_MATCH = YES;
				CODE_SIGN_IDENTITY = "iPhone Developer";
				COPY_PHASE_STRIP = NO;
				DEBUG_INFORMATION_FORMAT = dwarf;
				ENABLE_STRICT_OBJC_MSGSEND = YES;
				ENABLE_TESTABILITY = YES;
				GCC_C_LANGUAGE_STANDARD = gnu11;
				GCC_DYNAMIC_NO_PIC = NO;
				GCC_NO_COMMON_BLOCKS = YES;
				GCC_OPTIMIZATION_LEVEL = 0;
				GCC_PREPROCESSOR_DEFINITIONS = (
					"DEBUG=1",
					"$(inherited)",
				);
				GCC_WARN_64_TO_32_BIT_CONVERSION = YES;
				GCC_WARN_ABOUT_RETURN_TYPE = YES_ERROR;
				GCC_WARN_UNDECLARED_SELECTOR = YES;
				GCC_WARN_UNINITIALIZED_AUTOS = YES_AGGRESSIVE;
				GCC_WARN_UNUSED_FUNCTION = YES;
				GCC_WARN_UNUSED_VARIABLE = YES;
				IPHONEOS_DEPLOYMENT_TARGET = 12.1;
				MTL_ENABLE_DEBUG_INFO = INCLUDE_SOURCE;
				MTL_FAST_MATH = YES;
				ONLY_ACTIVE_ARCH = YES;
				SDKROOT = iphoneos;
				SWIFT_ACTIVE_COMPILATION_CONDITIONS = DEBUG;
				SWIFT_OPTIMIZATION_LEVEL = "-Onone";
			};
			name = Debug;
		};
		C0CF577C2230A3D10067F1FE /* Release */ = {
			isa = XCBuildConfiguration;
			buildSettings = {
				ALWAYS_SEARCH_USER_PATHS = NO;
				CLANG_ANALYZER_NONNULL = YES;
				CLANG_ANALYZER_NUMBER_OBJECT_CONVERSION = YES_AGGRESSIVE;
				CLANG_CXX_LANGUAGE_STANDARD = "gnu++14";
				CLANG_CXX_LIBRARY = "libc++";
				CLANG_ENABLE_MODULES = YES;
				CLANG_ENABLE_OBJC_ARC = YES;
				CLANG_ENABLE_OBJC_WEAK = YES;
				CLANG_WARN_BLOCK_CAPTURE_AUTORELEASING = YES;
				CLANG_WARN_BOOL_CONVERSION = YES;
				CLANG_WARN_COMMA = YES;
				CLANG_WARN_CONSTANT_CONVERSION = YES;
				CLANG_WARN_DEPRECATED_OBJC_IMPLEMENTATIONS = YES;
				CLANG_WARN_DIRECT_OBJC_ISA_USAGE = YES_ERROR;
				CLANG_WARN_DOCUMENTATION_COMMENTS = YES;
				CLANG_WARN_EMPTY_BODY = YES;
				CLANG_WARN_ENUM_CONVERSION = YES;
				CLANG_WARN_INFINITE_RECURSION = YES;
				CLANG_WARN_INT_CONVERSION = YES;
				CLANG_WARN_NON_LITERAL_NULL_CONVERSION = YES;
				CLANG_WARN_OBJC_IMPLICIT_RETAIN_SELF = YES;
				CLANG_WARN_OBJC_LITERAL_CONVERSION = YES;
				CLANG_WARN_OBJC_ROOT_CLASS = YES_ERROR;
				CLANG_WARN_RANGE_LOOP_ANALYSIS = YES;
				CLANG_WARN_STRICT_PROTOTYPES = YES;
				CLANG_WARN_SUSPICIOUS_MOVE = YES;
				CLANG_WARN_UNGUARDED_AVAILABILITY = YES_AGGRESSIVE;
				CLANG_WARN_UNREACHABLE_CODE = YES;
				CLANG_WARN__DUPLICATE_METHOD_MATCH = YES;
				CODE_SIGN_IDENTITY = "iPhone Developer";
				COPY_PHASE_STRIP = NO;
				DEBUG_INFORMATION_FORMAT = "dwarf-with-dsym";
				ENABLE_NS_ASSERTIONS = NO;
				ENABLE_STRICT_OBJC_MSGSEND = YES;
				GCC_C_LANGUAGE_STANDARD = gnu11;
				GCC_NO_COMMON_BLOCKS = YES;
				GCC_WARN_64_TO_32_BIT_CONVERSION = YES;
				GCC_WARN_ABOUT_RETURN_TYPE = YES_ERROR;
				GCC_WARN_UNDECLARED_SELECTOR = YES;
				GCC_WARN_UNINITIALIZED_AUTOS = YES_AGGRESSIVE;
				GCC_WARN_UNUSED_FUNCTION = YES;
				GCC_WARN_UNUSED_VARIABLE = YES;
				IPHONEOS_DEPLOYMENT_TARGET = 12.1;
				MTL_ENABLE_DEBUG_INFO = NO;
				MTL_FAST_MATH = YES;
				SDKROOT = iphoneos;
				SWIFT_COMPILATION_MODE = wholemodule;
				SWIFT_OPTIMIZATION_LEVEL = "-O";
				VALIDATE_PRODUCT = YES;
			};
			name = Release;
		};
		C0CF577E2230A3D10067F1FE /* Debug */ = {
			isa = XCBuildConfiguration;
			buildSettings = {
				ASSETCATALOG_COMPILER_APPICON_NAME = AppIcon;
				CODE_SIGN_STYLE = Automatic;
				DEVELOPMENT_TEAM = C82EB7H7M9;
				INFOPLIST_FILE = AutoPack/Info.plist;
				LD_RUNPATH_SEARCH_PATHS = (
					"$(inherited)",
					"@executable_path/Frameworks",
				);
				PRODUCT_BUNDLE_IDENTIFIER = com.example.AutoPack;
				PRODUCT_NAME = "$(TARGET_NAME)";
				SWIFT_VERSION = 5.0;
				TARGETED_DEVICE_FAMILY = "1,2";
			};
			name = Debug;
		};
		C0CF577F2230A3D10067F1FE /* Release */ = {
			isa = XCBuildConfiguration;
			buildSettings = {
				ASSETCATALOG_COMPILER_APPICON_NAME = AppIcon;
				CODE_SIGN_STYLE = Automatic;
				DEVELOPMENT_TEAM = C82EB7H7M9;
				INFOPLIST_FILE = AutoPack/Info.plist;
				LD_RUNPATH_SEARCH_PATHS = (
					"$(inherited)",
					"@executable_path/Frameworks",
				);
				PRODUCT_BUNDLE_IDENTIFIER = com.example.AutoPack;
				PRODUCT_NAME = "$(TARGET_NAME)";
				SWIFT_VERSION = 5.0;
				TARGETED_DEVICE_FAMILY = "1,2";
			};
			name = Release;
		};
		C0CF57812230A3D10067F1FE /* Debug */ = {
			isa = XCBuildConfiguration;
			buildSettings = {
				ALWAYS_EMBED_SWIFT_STANDARD_LIBRARIES = YES;
				BUNDLE_LOADER = "$(TEST_HOST)";
				CODE_SIGN_STYLE = Automatic;
				DEVELOPMENT_TEAM = C82EB7H7M9;
				INFOPLIST_FILE = AutoPackTests/Info.plist;
				LD_RUNPATH_SEARCH_PATHS = (
					"$(inherited)",
					"@executable_path/Frameworks",
					"@loader_path/Frameworks",
				);
				PRODUCT_BUNDLE_IDENTIFIER = com.example.AutoPackTests;
				PRODUCT_NAME = "$(TARGET_NAME)";
				SWIFT_VERSION = 5.0;
				TARGETED_DEVICE_FAMILY = "1,2";
				TEST_HOST = "$(BUILT_PRODUCTS_DIR)/AutoPack.app/AutoPack";
			};
			name = Debug;
		};
		C0CF57822230A3D10067F1FE /* Release */ = {
			isa = XCBuildConfiguration;
			buildSettings = {
				ALWAYS_EMBED_SWIFT_STANDARD_LIBRARIES = YES;
				BUNDLE_LOADER = "$(TEST_HOST)";
				CODE_SIGN_STYLE = Automatic;
				DEVELOPMENT_TEAM = C82EB7H7M9;
				INFOPLIST_FILE = AutoPackTests/Info.plist;
				LD_RUNPATH_SEARCH_PATHS = (
					"$(inherited)",
					"@executable_path/Frameworks",
					"@loader_path/Frameworks",
				);
				PRODUCT_BUNDLE_IDENTIFIER = com.example.AutoPackTests;
				PRODUCT_NAME = "$(TARGET_NAME)";
				SWIFT_VERSION = 5.0;
				TARGETED_DEVICE_FAMILY = "1,2";
				TEST_HOST = "$(BUILT_PRODUCTS_DIR)/AutoPack.app/AutoPack";
			};
			name = Release;
		};
/* End XCBuildConfiguration section */

/* Begin XCConfigurationList section */
		C0CF57582230A3CF0067F1FE /* Build configuration list for PBXProject "AutoPack" */ = {
			isa = XCConfigurationList;
			buildConfigurations = (
				C0CF577B2230A3D10067F1FE /* Debug */,
				C0CF577C2230A3D10067F1FE /* Release */,
			);
			defaultConfigurationIsVisible = 0;
			defaultConfigurationName = Release;
		};
		C0CF577D2230A3D10067F1FE /* Build configuration list for PBXNativeTarget "AutoPack" */ = {
			isa = XCConfigurationList;
			buildConfigurations = (
				C0CF577E2230A3D10067F1FE /* Debug */,
				C0CF577F2230A3D10067F1FE /* Release */,
			);
			defaultConfigurationIsVisible = 0;
			defaultConfigurationName = Release;
		};
		C0CF57802230A3D10067F1FE /* Build configuration list for PBXNativeTarget "AutoPackTests" */ = {
			isa = XCConfigurationList;
			buildConfigurations = (
				C0CF57812230A3D10067F1FE /* Debug */,
				C0CF57822230A3D10067F1FE /* Release */,
			);
			defaultConfigurationIsVisible = 0;
			defaultConfigurationName = Release;
		};
/* End XCConfigurationList section */

/* Begin XCVersionGroup section */
		C0CF57672230A3CF0067F1FE /* AutoPack.xcdatamodeld */ = {
			isa = XCVersionGroup;
			children = (
				C0CF57682230A3CF0067F1FE /* AutoPack.xcdatamodel */,
			);
			currentVersion = C0CF57682230A3CF0067F1FE /* AutoPack.xcdatamodel */;
			path = AutoPack.xcdatamodeld;
			sourceTree = "<group>";
			versionGroupType = wrapper.xcdatamodel;
		};
/* End XCVersionGroup section */
	};
	rootObject = C0CF57552230A3CF0067F1FE /* Project object */;
}
